
Microsoft Visual Studio Solution File, Format Version 12.00
# Visual Studio Version 16
VisualStudioVersion = 16.0.30907.101
MinimumVisualStudioVersion = 10.0.40219.1
Project("{9A19103F-16F7-4668-BE54-9A1E7A4F7556}") = "DataAccess", "DataAccess\DataAccess.csproj", "{2B4034B2-9A5C-499B-BEE1-570296351F28}"
EndProject
Project("{9A19103F-16F7-4668-BE54-9A1E7A4F7556}") = "Business", "Business\Business.csproj", "{043DB283-5F71-4818-9596-FC68A4C6C428}"
EndProject
Project("{9A19103F-16F7-4668-BE54-9A1E7A4F7556}") = "Entities", "Entities\Entities.csproj", "{368147D3-146F-41BC-B00C-1BDE0C8A0D24}"
EndProject
Project("{9A19103F-16F7-4668-BE54-9A1E7A4F7556}") = "ConsoleUI", "ConsoleUI\ConsoleUI.csproj", "{55DB9ACC-12FA-4CF3-B5C4-23339316D999}"
EndProject
Project("{FAE04EC0-301F-11D3-BF4B-00C04F79EFBC}") = "Core", "Core\Core.csproj", "{7FB6C612-F2E0-45C2-B23F-ED2BADB93BC9}"
EndProject
Global
	GlobalSection(SolutionConfigurationPlatforms) = preSolution
		Debug|Any CPU = Debug|Any CPU
		Release|Any CPU = Release|Any CPU
	EndGlobalSection
	GlobalSection(ProjectConfigurationPlatforms) = postSolution
		{2B4034B2-9A5C-499B-BEE1-570296351F28}.Debug|Any CPU.ActiveCfg = Debug|Any CPU
		{2B4034B2-9A5C-499B-BEE1-570296351F28}.Debug|Any CPU.Build.0 = Debug|Any CPU
		{2B4034B2-9A5C-499B-BEE1-570296351F28}.Release|Any CPU.ActiveCfg = Release|Any CPU
		{2B4034B2-9A5C-499B-BEE1-570296351F28}.Release|Any CPU.Build.0 = Release|Any CPU
		{043DB283-5F71-4818-9596-FC68A4C6C428}.Debug|Any CPU.ActiveCfg = Debug|Any CPU
		{043DB283-5F71-4818-9596-FC68A4C6C428}.Debug|Any CPU.Build.0 = Debug|Any CPU
		{043DB283-5F71-4818-9596-FC68A4C6C428}.Release|Any CPU.ActiveCfg = Release|Any CPU
		{043DB283-5F71-4818-9596-FC68A4C6C428}.Release|Any CPU.Build.0 = Release|Any CPU
		{368147D3-146F-41BC-B00C-1BDE0C8A0D24}.Debug|Any CPU.ActiveCfg = Debug|Any CPU
		{368147D3-146F-41BC-B00C-1BDE0C8A0D24}.Debug|Any CPU.Build.0 = Debug|Any CPU
		{368147D3-146F-41BC-B00C-1BDE0C8A0D24}.Release|Any CPU.ActiveCfg = Release|Any CPU
		{368147D3-146F-41BC-B00C-1BDE0C8A0D24}.Release|Any CPU.Build.0 = Release|Any CPU
		{55DB9ACC-12FA-4CF3-B5C4-23339316D999}.Debug|Any CPU.ActiveCfg = Debug|Any CPU
		{55DB9ACC-12FA-4CF3-B5C4-23339316D999}.Debug|Any CPU.Build.0 = Debug|Any CPU
		{55DB9ACC-12FA-4CF3-B5C4-23339316D999}.Release|Any CPU.ActiveCfg = Release|Any CPU
		{55DB9ACC-12FA-4CF3-B5C4-23339316D999}.Release|Any CPU.Build.0 = Release|Any CPU
		{7FB6C612-F2E0-45C2-B23F-ED2BADB93BC9}.Debug|Any CPU.ActiveCfg = Debug|Any CPU
		{7FB6C612-F2E0-45C2-B23F-ED2BADB93BC9}.Debug|Any CPU.Build.0 = Debug|Any CPU
		{7FB6C612-F2E0-45C2-B23F-ED2BADB93BC9}.Release|Any CPU.ActiveCfg = Release|Any CPU
		{7FB6C612-F2E0-45C2-B23F-ED2BADB93BC9}.Release|Any CPU.Build.0 = Release|Any CPU
	EndGlobalSection
	GlobalSection(SolutionProperties) = preSolution
		HideSolutionNode = FALSE
	EndGlobalSection
	GlobalSection(ExtensibilityGlobals) = postSolution
		SolutionGuid = {34AA9A13-F2CF-4D71-9295-D3339EBB08EA}
	EndGlobalSection
EndGlobal
